
Microsoft Visual Studio Solution File, Format Version 12.00
# Visual Studio 15
VisualStudioVersion = 15.0.28307.1433
MinimumVisualStudioVersion = 10.0.40219.1
Project("{FAE04EC0-301F-11D3-BF4B-00C04F79EFBC}") = "Exercicio10", "Exercicio10\Exercicio10.csproj", "{C25B61CB-1708-41BC-B6E7-F9B2B8A22141}"
EndProject
Global
	GlobalSection(SolutionConfigurationPlatforms) = preSolution
		Debug|Any CPU = Debug|Any CPU
		Release|Any CPU = Release|Any CPU
	EndGlobalSection
	GlobalSection(ProjectConfigurationPlatforms) = postSolution
		{C25B61CB-1708-41BC-B6E7-F9B2B8A22141}.Debug|Any CPU.ActiveCfg = Debug|Any CPU
		{C25B61CB-1708-41BC-B6E7-F9B2B8A22141}.Debug|Any CPU.Build.0 = Debug|Any CPU
		{C25B61CB-1708-41BC-B6E7-F9B2B8A22141}.Release|Any CPU.ActiveCfg = Release|Any CPU
		{C25B61CB-1708-41BC-B6E7-F9B2B8A22141}.Release|Any CPU.Build.0 = Release|Any CPU
	EndGlobalSection
	GlobalSection(SolutionProperties) = preSolution
		HideSolutionNode = FALSE
	EndGlobalSection
	GlobalSection(ExtensibilityGlobals) = postSolution
		SolutionGuid = {56D462C8-2704-4F24-86D9-D0CBE64A384F}
	EndGlobalSection
EndGlobal
